{
  "name": "vendor_app",
  "version": "1.0.0",
  "lockfileVersion": 1,
  "requires": true,
  "dependencies": {
    "@uirouter/core": {
      "version": "5.0.23",
      "resolved": "https://registry.npmjs.org/@uirouter/core/-/core-5.0.23.tgz",
      "integrity": "sha512-rwFOH++z/KY8y+h0IOpQ5uC8Nim6E0EBCQrIjhVCr+XKYXgpK+VdtuOLFdogvbJ3AAi5Z7ei00qdEr7Did5CAg=="
    },
    "angular": {
      "version": "1.7.9",
      "resolved": "https://registry.npmjs.org/angular/-/angular-1.7.9.tgz",
      "integrity": "sha512-5se7ZpcOtu0MBFlzGv5dsM1quQDoDeUTwZrWjGtTNA7O88cD8TEk5IEKCTDa3uECV9XnvKREVUr7du1ACiWGFQ=="
    },
    "angular-animate": {
      "version": "1.7.8",
      "resolved": "https://registry.npmjs.org/angular-animate/-/angular-animate-1.7.8.tgz",
      "integrity": "sha512-bINtzizq7TbJzfVrDpwLfTxVl0Qd7fRNWFb5jKYI1vaFZobQNX/QONXlLow6ySsDbZ6eLECycB7mvWtfh1YYaw=="
    },
    "angular-aria": {
      "version": "1.7.8",
      "resolved": "https://registry.npmjs.org/angular-aria/-/angular-aria-1.7.8.tgz",
      "integrity": "sha512-facq/111sZKL2wUUqRA1GnGt+lZ8KAcX9Aw04cNA+OyEkoaoRC77NY4VSOTQxghlSd0OPAdLeFnmETnuiWrpLg=="
    },
    "angular-material": {
      "version": "1.1.20",
      "resolved": "https://registry.npmjs.org/angular-material/-/angular-material-1.1.20.tgz",
      "integrity": "sha512-R2jILX9g7AVvEZbIMqEp8mkjlH/iSrDG150pCSzL7+6PHdi4dYuyXNRtYlpYKe+72Q4fIV4YBYSxepNob3hU9A=="
    },
    "angular-ui-router": {
      "version": "1.0.22",
      "resolved": "https://registry.npmjs.org/angular-ui-router/-/angular-ui-router-1.0.22.tgz",
      "integrity": "sha512-cuq0+Di6spKEIQ1aZCGORPU9uZzJRFzuiMQDB2vLUDlo1DS8tR8/KxlThqmz6iw+8KtmUArI+5IMINSp/jwUKg==",
      "requires": {
        "@uirouter/core": "5.0.23"
      }
    }
  }
}
